
Microsoft Visual Studio Solution File, Format Version 12.00
# Visual Studio Version 16
VisualStudioVersion = 25.0.1705.4
MinimumVisualStudioVersion = 10.0.40219.1
Project("{FAE04EC0-301F-11D3-BF4B-00C04F79EFBC}") = "Chapter10", "Chapter10.csproj", "{04802294-3270-498E-A0C2-9E7A8226034A}"
EndProject
Global
	GlobalSection(SolutionConfigurationPlatforms) = preSolution
		Debug|Any CPU = Debug|Any CPU
		Release|Any CPU = Release|Any CPU
	EndGlobalSection
	GlobalSection(ProjectConfigurationPlatforms) = postSolution
		{04802294-3270-498E-A0C2-9E7A8226034A}.Debug|Any CPU.ActiveCfg = Debug|Any CPU
		{04802294-3270-498E-A0C2-9E7A8226034A}.Debug|Any CPU.Build.0 = Debug|Any CPU
		{04802294-3270-498E-A0C2-9E7A8226034A}.Release|Any CPU.ActiveCfg = Release|Any CPU
		{04802294-3270-498E-A0C2-9E7A8226034A}.Release|Any CPU.Build.0 = Release|Any CPU
	EndGlobalSection
	GlobalSection(SolutionProperties) = preSolution
		HideSolutionNode = FALSE
	EndGlobalSection
	GlobalSection(ExtensibilityGlobals) = postSolution
		SolutionGuid = {1077D979-2F22-405A-84BE-484A880452AF}
	EndGlobalSection
EndGlobal
