
Microsoft Visual Studio Solution File, Format Version 12.00
# Visual Studio Version 16
VisualStudioVersion = 25.0.1705.4
MinimumVisualStudioVersion = 10.0.40219.1
Project("{FAE04EC0-301F-11D3-BF4B-00C04F79EFBC}") = "Chapter1", "Chapter1.csproj", "{5D433991-FA30-4EA5-8096-16FEABBBDF66}"
EndProject
Global
	GlobalSection(SolutionConfigurationPlatforms) = preSolution
		Debug|Any CPU = Debug|Any CPU
		Release|Any CPU = Release|Any CPU
	EndGlobalSection
	GlobalSection(ProjectConfigurationPlatforms) = postSolution
		{5D433991-FA30-4EA5-8096-16FEABBBDF66}.Debug|Any CPU.ActiveCfg = Debug|Any CPU
		{5D433991-FA30-4EA5-8096-16FEABBBDF66}.Debug|Any CPU.Build.0 = Debug|Any CPU
		{5D433991-FA30-4EA5-8096-16FEABBBDF66}.Release|Any CPU.ActiveCfg = Release|Any CPU
		{5D433991-FA30-4EA5-8096-16FEABBBDF66}.Release|Any CPU.Build.0 = Release|Any CPU
	EndGlobalSection
	GlobalSection(SolutionProperties) = preSolution
		HideSolutionNode = FALSE
	EndGlobalSection
	GlobalSection(ExtensibilityGlobals) = postSolution
		SolutionGuid = {73E7519D-7FCE-4481-AD85-462723A1E48B}
	EndGlobalSection
EndGlobal
